
Microsoft Visual Studio Solution File, Format Version 12.00
Project("{FAE04EC0-301F-11D3-BF4B-00C04F79EFBC}") = "Lab1", "Lab1\Lab1.csproj", "{B1E95466-F08D-41DB-B9FB-BE4693D3A2CC}"
EndProject
Project("{FAE04EC0-301F-11D3-BF4B-00C04F79EFBC}") = "Lab2", "Lab2\Lab2.csproj", "{F33B79D5-C9AC-46A0-BF40-AE818163366A}"
EndProject
Global
	GlobalSection(SolutionConfigurationPlatforms) = preSolution
		Debug|Any CPU = Debug|Any CPU
		Release|Any CPU = Release|Any CPU
	EndGlobalSection
	GlobalSection(ProjectConfigurationPlatforms) = postSolution
		{B1E95466-F08D-41DB-B9FB-BE4693D3A2CC}.Debug|Any CPU.ActiveCfg = Debug|Any CPU
		{B1E95466-F08D-41DB-B9FB-BE4693D3A2CC}.Debug|Any CPU.Build.0 = Debug|Any CPU
		{B1E95466-F08D-41DB-B9FB-BE4693D3A2CC}.Release|Any CPU.ActiveCfg = Release|Any CPU
		{B1E95466-F08D-41DB-B9FB-BE4693D3A2CC}.Release|Any CPU.Build.0 = Release|Any CPU
		{F33B79D5-C9AC-46A0-BF40-AE818163366A}.Debug|Any CPU.ActiveCfg = Debug|Any CPU
		{F33B79D5-C9AC-46A0-BF40-AE818163366A}.Debug|Any CPU.Build.0 = Debug|Any CPU
		{F33B79D5-C9AC-46A0-BF40-AE818163366A}.Release|Any CPU.ActiveCfg = Release|Any CPU
		{F33B79D5-C9AC-46A0-BF40-AE818163366A}.Release|Any CPU.Build.0 = Release|Any CPU
	EndGlobalSection
EndGlobal
